
Microsoft Visual Studio Solution File, Format Version 12.00
# Visual Studio Version 17
VisualStudioVersion = 17.7.34024.191
MinimumVisualStudioVersion = 10.0.40219.1
Project("{FAE04EC0-301F-11D3-BF4B-00C04F79EFBC}") = "Portfolio", "Portfolio\Portfolio.csproj", "{3ED9D7AE-9B9A-4E50-9C4F-4B9CCD24603A}"
EndProject
Global
	GlobalSection(SolutionConfigurationPlatforms) = preSolution
		Debug|Any CPU = Debug|Any CPU
		Release|Any CPU = Release|Any CPU
	EndGlobalSection
	GlobalSection(ProjectConfigurationPlatforms) = postSolution
		{3ED9D7AE-9B9A-4E50-9C4F-4B9CCD24603A}.Debug|Any CPU.ActiveCfg = Debug|Any CPU
		{3ED9D7AE-9B9A-4E50-9C4F-4B9CCD24603A}.Debug|Any CPU.Build.0 = Debug|Any CPU
		{3ED9D7AE-9B9A-4E50-9C4F-4B9CCD24603A}.Release|Any CPU.ActiveCfg = Release|Any CPU
		{3ED9D7AE-9B9A-4E50-9C4F-4B9CCD24603A}.Release|Any CPU.Build.0 = Release|Any CPU
	EndGlobalSection
	GlobalSection(SolutionProperties) = preSolution
		HideSolutionNode = FALSE
	EndGlobalSection
	GlobalSection(ExtensibilityGlobals) = postSolution
		SolutionGuid = {548B644D-ADF0-4673-9A4B-484B7BEB883E}
	EndGlobalSection
EndGlobal
